Microsoft Visual Studio Solution File, Format Version 12.00
# Visual Studio Version 17
VisualStudioVersion = 17.5.2.0
MinimumVisualStudioVersion = 10.0.40219.1
Project("{FAE04EC0-301F-11D3-BF4B-00C04F79EFBC}") = "firstdotnet", "firstdotnet.csproj", "{1C564D18-4930-0812-1DAA-1B0AC686D0B3}"
EndProject
Global
	GlobalSection(SolutionConfigurationPlatforms) = preSolution
		Debug|Any CPU = Debug|Any CPU
		Release|Any CPU = Release|Any CPU
	EndGlobalSection
	GlobalSection(ProjectConfigurationPlatforms) = postSolution
		{1C564D18-4930-0812-1DAA-1B0AC686D0B3}.Debug|Any CPU.ActiveCfg = Debug|Any CPU
		{1C564D18-4930-0812-1DAA-1B0AC686D0B3}.Debug|Any CPU.Build.0 = Debug|Any CPU
		{1C564D18-4930-0812-1DAA-1B0AC686D0B3}.Release|Any CPU.ActiveCfg = Release|Any CPU
		{1C564D18-4930-0812-1DAA-1B0AC686D0B3}.Release|Any CPU.Build.0 = Release|Any CPU
	EndGlobalSection
	GlobalSection(SolutionProperties) = preSolution
		HideSolutionNode = FALSE
	EndGlobalSection
	GlobalSection(ExtensibilityGlobals) = postSolution
		SolutionGuid = {C440A89C-0229-484D-9A5C-55453BFFF434}
	EndGlobalSection
EndGlobal
